// !$*UTF8*$!
{
	archiveVersion = 1;
	classes = {
	};
	objectVersion = 50;
	objects = {

/* Begin PBXBuildFile section */
		1524831D257B9D5B00EAA8FD /* OrderPageViewController.swift in Sources */ = {isa = PBXBuildFile; fileRef = 1524831C257B9D5B00EAA8FD /* OrderPageViewController.swift */; };
		1524833F257BC31400EAA8FD /* OrderDetailTableViewController.swift in Sources */ = {isa = PBXBuildFile; fileRef = 1524833E257BC31400EAA8FD /* OrderDetailTableViewController.swift */; };
		15248341257BC4CF00EAA8FD /* OrderDetailTableViewCell.swift in Sources */ = {isa = PBXBuildFile; fileRef = 15248340257BC4CF00EAA8FD /* OrderDetailTableViewCell.swift */; };
		158213F325B03BA300D3CC4E /* RandomViewController.swift in Sources */ = {isa = PBXBuildFile; fileRef = 158213F225B03BA300D3CC4E /* RandomViewController.swift */; };
		15952C392584CC6C00EC3CDF /* ModifyOrderViewController.swift in Sources */ = {isa = PBXBuildFile; fileRef = 15952C382584CC6C00EC3CDF /* ModifyOrderViewController.swift */; };
		159D1E3925A08C0400532A73 /* SearchOrderTableViewController.swift in Sources */ = {isa = PBXBuildFile; fileRef = 159D1E3825A08C0400532A73 /* SearchOrderTableViewController.swift */; };
		15EED4062573A10100D36029 /* AppDelegate.swift in Sources */ = {isa = PBXBuildFile; fileRef = 15EED4052573A10100D36029 /* AppDelegate.swift */; };
		15EED4082573A10100D36029 /* SceneDelegate.swift in Sources */ = {isa = PBXBuildFile; fileRef = 15EED4072573A10100D36029 /* SceneDelegate.swift */; };
		15EED40D2573A10100D36029 /* Main.storyboard in Resources */ = {isa = PBXBuildFile; fileRef = 15EED40B2573A10100D36029 /* Main.storyboard */; };
		15EED40F2573A10A00D36029 /* Assets.xcassets in Resources */ = {isa = PBXBuildFile; fileRef = 15EED40E2573A10A00D36029 /* Assets.xcassets */; };
		15EED4122573A10A00D36029 /* LaunchScreen.storyboard in Resources */ = {isa = PBXBuildFile; fileRef = 15EED4102573A10A00D36029 /* LaunchScreen.storyboard */; };
		15EED43A2573AF2D00D36029 /* CoCoMenu.plist in Resources */ = {isa = PBXBuildFile; fileRef = 15EED4392573AF2D00D36029 /* CoCoMenu.plist */; };
		15EED43C2573CA4600D36029 /* MenuController.swift in Sources */ = {isa = PBXBuildFile; fileRef = 15EED43B2573CA4600D36029 /* MenuController.swift */; };
		15EED43E2573D61E00D36029 /* Order.swift in Sources */ = {isa = PBXBuildFile; fileRef = 15EED43D2573D61E00D36029 /* Order.swift */; };
		15EED440257401EC00D36029 /* Menu.swift in Sources */ = {isa = PBXBuildFile; fileRef = 15EED43F257401EC00D36029 /* Menu.swift */; };
		15EED4422574043D00D36029 /* MenuTableViewController.swift in Sources */ = {isa = PBXBuildFile; fileRef = 15EED4412574043D00D36029 /* MenuTableViewController.swift */; };
		15EED468257412EA00D36029 /* MenuTableViewCell.swift in Sources */ = {isa = PBXBuildFile; fileRef = 15EED467257412EA00D36029 /* MenuTableViewCell.swift */; };
/* End PBXBuildFile section */

/* Begin PBXFileReference section */
		1524831C257B9D5B00EAA8FD /* OrderPageViewController.swift */ = {isa = PBXFileReference; lastKnownFileType = sourcecode.swift; path = OrderPageViewController.swift; sourceTree = "<group>"; };
		1524833E257BC31400EAA8FD /* OrderDetailTableViewController.swift */ = {isa = PBXFileReference; lastKnownFileType = sourcecode.swift; path = OrderDetailTableViewController.swift; sourceTree = "<group>"; };
		15248340257BC4CF00EAA8FD /* OrderDetailTableViewCell.swift */ = {isa = PBXFileReference; lastKnownFileType = sourcecode.swift; path = OrderDetailTableViewCell.swift; sourceTree = "<group>"; };
		158213F225B03BA300D3CC4E /* RandomViewController.swift */ = {isa = PBXFileReference; lastKnownFileType = sourcecode.swift; path = RandomViewController.swift; sourceTree = "<group>"; };
		15952C382584CC6C00EC3CDF /* ModifyOrderViewController.swift */ = {isa = PBXFileReference; lastKnownFileType = sourcecode.swift; path = ModifyOrderViewController.swift; sourceTree = "<group>"; };
		159D1E3825A08C0400532A73 /* SearchOrderTableViewController.swift */ = {isa = PBXFileReference; lastKnownFileType = sourcecode.swift; path = SearchOrderTableViewController.swift; sourceTree = "<group>"; };
		15EED4022573A10100D36029 /* CoCoDrink.app */ = {isa = PBXFileReference; explicitFileType = wrapper.application; includeInIndex = 0; path = CoCoDrink.app; sourceTree = BUILT_PRODUCTS_DIR; };
		15EED4052573A10100D36029 /* AppDelegate.swift */ = {isa = PBXFileReference; lastKnownFileType = sourcecode.swift; path = AppDelegate.swift; sourceTree = "<group>"; };
		15EED4072573A10100D36029 /* SceneDelegate.swift */ = {isa = PBXFileReference; lastKnownFileType = sourcecode.swift; path = SceneDelegate.swift; sourceTree = "<group>"; };
		15EED40C2573A10100D36029 /* Base */ = {isa = PBXFileReference; lastKnownFileType = file.storyboard; name = Base; path = Base.lproj/Main.storyboard; sourceTree = "<group>"; };
		15EED40E2573A10A00D36029 /* Assets.xcassets */ = {isa = PBXFileReference; lastKnownFileType = folder.assetcatalog; path = Assets.xcassets; sourceTree = "<group>"; };
		15EED4112573A10A00D36029 /* Base */ = {isa = PBXFileReference; lastKnownFileType = file.storyboard; name = Base; path = Base.lproj/LaunchScreen.storyboard; sourceTree = "<group>"; };
		15EED4132573A10A00D36029 /* Info.plist */ = {isa = PBXFileReference; lastKnownFileType = text.plist.xml; path = Info.plist; sourceTree = "<group>"; };
		15EED4392573AF2D00D36029 /* CoCoMenu.plist */ = {isa = PBXFileReference; lastKnownFileType = text.plist.xml; path = CoCoMenu.plist; sourceTree = "<group>"; };
		15EED43B2573CA4600D36029 /* MenuController.swift */ = {isa = PBXFileReference; lastKnownFileType = sourcecode.swift; path = MenuController.swift; sourceTree = "<group>"; };
		15EED43D2573D61E00D36029 /* Order.swift */ = {isa = PBXFileReference; lastKnownFileType = sourcecode.swift; path = Order.swift; sourceTree = "<group>"; };
		15EED43F257401EC00D36029 /* Menu.swift */ = {isa = PBXFileReference; lastKnownFileType = sourcecode.swift; path = Menu.swift; sourceTree = "<group>"; };
		15EED4412574043D00D36029 /* MenuTableViewController.swift */ = {isa = PBXFileReference; lastKnownFileType = sourcecode.swift; path = MenuTableViewController.swift; sourceTree = "<group>"; };
		15EED467257412EA00D36029 /* MenuTableViewCell.swift */ = {isa = PBXFileReference; lastKnownFileType = sourcecode.swift; path = MenuTableViewCell.swift; sourceTree = "<group>"; };
/* End PBXFileReference section */

/* Begin PBXFrameworksBuildPhase section */
		15EED3FF2573A10100D36029 /* Frameworks */ = {
			isa = PBXFrameworksBuildPhase;
			buildActionMask = 2147483647;
			files = (
			);
			runOnlyForDeploymentPostprocessing = 0;
		};
/* End PBXFrameworksBuildPhase section */

/* Begin PBXGroup section */
		1575EC3825B988250058AF70 /* Controller */ = {
			isa = PBXGroup;
			children = (
				15EED43B2573CA4600D36029 /* MenuController.swift */,
				15EED4412574043D00D36029 /* MenuTableViewController.swift */,
				158213F225B03BA300D3CC4E /* RandomViewController.swift */,
				1524831C257B9D5B00EAA8FD /* OrderPageViewController.swift */,
				1524833E257BC31400EAA8FD /* OrderDetailTableViewController.swift */,
				159D1E3825A08C0400532A73 /* SearchOrderTableViewController.swift */,
				15952C382584CC6C00EC3CDF /* ModifyOrderViewController.swift */,
			);
			path = Controller;
			sourceTree = "<group>";
		};
		1575EC3925B988AD0058AF70 /* View */ = {
			isa = PBXGroup;
			children = (
				15EED467257412EA00D36029 /* MenuTableViewCell.swift */,
				15248340257BC4CF00EAA8FD /* OrderDetailTableViewCell.swift */,
			);
			path = View;
			sourceTree = "<group>";
		};
		1575EC3A25B988C80058AF70 /* Model */ = {
			isa = PBXGroup;
			children = (
				15EED43D2573D61E00D36029 /* Order.swift */,
				15EED43F257401EC00D36029 /* Menu.swift */,
			);
			path = Model;
			sourceTree = "<group>";
		};
		15EED3F92573A10100D36029 = {
			isa = PBXGroup;
			children = (
				15EED4042573A10100D36029 /* CoCoDrink */,
				15EED4032573A10100D36029 /* Products */,
			);
			sourceTree = "<group>";
		};
		15EED4032573A10100D36029 /* Products */ = {
			isa = PBXGroup;
			children = (
				15EED4022573A10100D36029 /* CoCoDrink.app */,
			);
			name = Products;
			sourceTree = "<group>";
		};
		15EED4042573A10100D36029 /* CoCoDrink */ = {
			isa = PBXGroup;
			children = (
				15EED4052573A10100D36029 /* AppDelegate.swift */,
				15EED4072573A10100D36029 /* SceneDelegate.swift */,
				1575EC3825B988250058AF70 /* Controller */,
				1575EC3925B988AD0058AF70 /* View */,
				1575EC3A25B988C80058AF70 /* Model */,
				15EED40B2573A10100D36029 /* Main.storyboard */,
				15EED40E2573A10A00D36029 /* Assets.xcassets */,
				15EED4102573A10A00D36029 /* LaunchScreen.storyboard */,
				15EED4132573A10A00D36029 /* Info.plist */,
				15EED4392573AF2D00D36029 /* CoCoMenu.plist */,
			);
			path = CoCoDrink;
			sourceTree = "<group>";
		};
/* End PBXGroup section */

/* Begin PBXNativeTarget section */
		15EED4012573A10100D36029 /* CoCoDrink */ = {
			isa = PBXNativeTarget;
			buildConfigurationList = 15EED4162573A10A00D36029 /* Build configuration list for PBXNativeTarget "CoCoDrink" */;
			buildPhases = (
				15EED3FE2573A10100D36029 /* Sources */,
				15EED3FF2573A10100D36029 /* Frameworks */,
				15EED4002573A10100D36029 /* Resources */,
			);
			buildRules = (
			);
			dependencies = (
			);
			name = CoCoDrink;
			productName = CoCoDrink;
			productReference = 15EED4022573A10100D36029 /* CoCoDrink.app */;
			productType = "com.apple.product-type.application";
		};
/* End PBXNativeTarget section */

/* Begin PBXProject section */
		15EED3FA2573A10100D36029 /* Project object */ = {
			isa = PBXProject;
			attributes = {
				LastSwiftUpdateCheck = 1130;
				LastUpgradeCheck = 1130;
				ORGANIZATIONNAME = Yida;
				TargetAttributes = {
					15EED4012573A10100D36029 = {
						CreatedOnToolsVersion = 11.3.1;
					};
				};
			};
			buildConfigurationList = 15EED3FD2573A10100D36029 /* Build configuration list for PBXProject "CoCoDrink" */;
			compatibilityVersion = "Xcode 9.3";
			developmentRegion = en;
			hasScannedForEncodings = 0;
			knownRegions = (
				en,
				Base,
			);
			mainGroup = 15EED3F92573A10100D36029;
			productRefGroup = 15EED4032573A10100D36029 /* Products */;
			projectDirPath = "";
			projectRoot = "";
			targets = (
				15EED4012573A10100D36029 /* CoCoDrink */,
			);
		};
/* End PBXProject section */

/* Begin PBXResourcesBuildPhase section */
		15EED4002573A10100D36029 /* Resources */ = {
			isa = PBXResourcesBuildPhase;
			buildActionMask = 2147483647;
			files = (
				15EED4122573A10A00D36029 /* LaunchScreen.storyboard in Resources */,
				15EED43A2573AF2D00D36029 /* CoCoMenu.plist in Resources */,
				15EED40F2573A10A00D36029 /* Assets.xcassets in Resources */,
				15EED40D2573A10100D36029 /* Main.storyboard in Resources */,
			);
			runOnlyForDeploymentPostprocessing = 0;
		};
/* End PBXResourcesBuildPhase section */

/* Begin PBXSourcesBuildPhase section */
		15EED3FE2573A10100D36029 /* Sources */ = {
			isa = PBXSourcesBuildPhase;
			buildActionMask = 2147483647;
			files = (
				159D1E3925A08C0400532A73 /* SearchOrderTableViewController.swift in Sources */,
				158213F325B03BA300D3CC4E /* RandomViewController.swift in Sources */,
				15EED440257401EC00D36029 /* Menu.swift in Sources */,
				15248341257BC4CF00EAA8FD /* OrderDetailTableViewCell.swift in Sources */,
				1524831D257B9D5B00EAA8FD /* OrderPageViewController.swift in Sources */,
				15EED4422574043D00D36029 /* MenuTableViewController.swift in Sources */,
				15EED468257412EA00D36029 /* MenuTableViewCell.swift in Sources */,
				15EED43C2573CA4600D36029 /* MenuController.swift in Sources */,
				15952C392584CC6C00EC3CDF /* ModifyOrderViewController.swift in Sources */,
				15EED43E2573D61E00D36029 /* Order.swift in Sources */,
				1524833F257BC31400EAA8FD /* OrderDetailTableViewController.swift in Sources */,
				15EED4062573A10100D36029 /* AppDelegate.swift in Sources */,
				15EED4082573A10100D36029 /* SceneDelegate.swift in Sources */,
			);
			runOnlyForDeploymentPostprocessing = 0;
		};
/* End PBXSourcesBuildPhase section */

/* Begin PBXVariantGroup section */
		15EED40B2573A10100D36029 /* Main.storyboard */ = {
			isa = PBXVariantGroup;
			children = (
				15EED40C2573A10100D36029 /* Base */,
			);
			name = Main.storyboard;
			sourceTree = "<group>";
		};
		15EED4102573A10A00D36029 /* LaunchScreen.storyboard */ = {
			isa = PBXVariantGroup;
			children = (
				15EED4112573A10A00D36029 /* Base */,
			);
			name = LaunchScreen.storyboard;
			sourceTree = "<group>";
		};
/* End PBXVariantGroup section */

/* Begin XCBuildConfiguration section */
		15EED4142573A10A00D36029 /* Debug */ = {
			isa = XCBuildConfiguration;
			buildSettings = {
				ALWAYS_SEARCH_USER_PATHS = NO;
				CLANG_ANALYZER_NONNULL = YES;
				CLANG_ANALYZER_NUMBER_OBJECT_CONVERSION = YES_AGGRESSIVE;
				CLANG_CXX_LANGUAGE_STANDARD = "gnu++14";
				CLANG_CXX_LIBRARY = "libc++";
				CLANG_ENABLE_MODULES = YES;
				CLANG_ENABLE_OBJC_ARC = YES;
				CLANG_ENABLE_OBJC_WEAK = YES;
				CLANG_WARN_BLOCK_CAPTURE_AUTORELEASING = YES;
				CLANG_WARN_BOOL_CONVERSION = YES;
				CLANG_WARN_COMMA = YES;
				CLANG_WARN_CONSTANT_CONVERSION = YES;
				CLANG_WARN_DEPRECATED_OBJC_IMPLEMENTATIONS = YES;
				CLANG_WARN_DIRECT_OBJC_ISA_USAGE = YES_ERROR;
				CLANG_WARN_DOCUMENTATION_COMMENTS = YES;
				CLANG_WARN_EMPTY_BODY = YES;
				CLANG_WARN_ENUM_CONVERSION = YES;
				CLANG_WARN_INFINITE_RECURSION = YES;
				CLANG_WARN_INT_CONVERSION = YES;
				CLANG_WARN_NON_LITERAL_NULL_CONVERSION = YES;
				CLANG_WARN_OBJC_IMPLICIT_RETAIN_SELF = YES;
				CLANG_WARN_OBJC_LITERAL_CONVERSION = YES;
				CLANG_WARN_OBJC_ROOT_CLASS = YES_ERROR;
				CLANG_WARN_RANGE_LOOP_ANALYSIS = YES;
				CLANG_WARN_STRICT_PROTOTYPES = YES;
				CLANG_WARN_SUSPICIOUS_MOVE = YES;
				CLANG_WARN_UNGUARDED_AVAILABILITY = YES_AGGRESSIVE;
				CLANG_WARN_UNREACHABLE_CODE = YES;
				CLANG_WARN__DUPLICATE_METHOD_MATCH = YES;
				COPY_PHASE_STRIP = NO;
				DEBUG_INFORMATION_FORMAT = dwarf;
				ENABLE_STRICT_OBJC_MSGSEND = YES;
				ENABLE_TESTABILITY = YES;
				GCC_C_LANGUAGE_STANDARD = gnu11;
				GCC_DYNAMIC_NO_PIC = NO;
				GCC_NO_COMMON_BLOCKS = YES;
				GCC_OPTIMIZATION_LEVEL = 0;
				GCC_PREPROCESSOR_DEFINITIONS = (
					"DEBUG=1",
					"$(inherited)",
				);
				GCC_WARN_64_TO_32_BIT_CONVERSION = YES;
				GCC_WARN_ABOUT_RETURN_TYPE = YES_ERROR;
				GCC_WARN_UNDECLARED_SELECTOR = YES;
				GCC_WARN_UNINITIALIZED_AUTOS = YES_AGGRESSIVE;
				GCC_WARN_UNUSED_FUNCTION = YES;
				GCC_WARN_UNUSED_VARIABLE = YES;
				IPHONEOS_DEPLOYMENT_TARGET = 13.2;
				MTL_ENABLE_DEBUG_INFO = INCLUDE_SOURCE;
				MTL_FAST_MATH = YES;
				ONLY_ACTIVE_ARCH = YES;
				SDKROOT = iphoneos;
				SWIFT_ACTIVE_COMPILATION_CONDITIONS = DEBUG;
				SWIFT_OPTIMIZATION_LEVEL = "-Onone";
			};
			name = Debug;
		};
		15EED4152573A10A00D36029 /* Release */ = {
			isa = XCBuildConfiguration;
			buildSettings = {
				ALWAYS_SEARCH_USER_PATHS = NO;
				CLANG_ANALYZER_NONNULL = YES;
				CLANG_ANALYZER_NUMBER_OBJECT_CONVERSION = YES_AGGRESSIVE;
				CLANG_CXX_LANGUAGE_STANDARD = "gnu++14";
				CLANG_CXX_LIBRARY = "libc++";
				CLANG_ENABLE_MODULES = YES;
				CLANG_ENABLE_OBJC_ARC = YES;
				CLANG_ENABLE_OBJC_WEAK = YES;
				CLANG_WARN_BLOCK_CAPTURE_AUTORELEASING = YES;
				CLANG_WARN_BOOL_CONVERSION = YES;
				CLANG_WARN_COMMA = YES;
				CLANG_WARN_CONSTANT_CONVERSION = YES;
				CLANG_WARN_DEPRECATED_OBJC_IMPLEMENTATIONS = YES;
				CLANG_WARN_DIRECT_OBJC_ISA_USAGE = YES_ERROR;
				CLANG_WARN_DOCUMENTATION_COMMENTS = YES;
				CLANG_WARN_EMPTY_BODY = YES;
				CLANG_WARN_ENUM_CONVERSION = YES;
				CLANG_WARN_INFINITE_RECURSION = YES;
				CLANG_WARN_INT_CONVERSION = YES;
				CLANG_WARN_NON_LITERAL_NULL_CONVERSION = YES;
				CLANG_WARN_OBJC_IMPLICIT_RETAIN_SELF = YES;
				CLANG_WARN_OBJC_LITERAL_CONVERSION = YES;
				CLANG_WARN_OBJC_ROOT_CLASS = YES_ERROR;
				CLANG_WARN_RANGE_LOOP_ANALYSIS = YES;
				CLANG_WARN_STRICT_PROTOTYPES = YES;
				CLANG_WARN_SUSPICIOUS_MOVE = YES;
				CLANG_WARN_UNGUARDED_AVAILABILITY = YES_AGGRESSIVE;
				CLANG_WARN_UNREACHABLE_CODE = YES;
				CLANG_WARN__DUPLICATE_METHOD_MATCH = YES;
				COPY_PHASE_STRIP = NO;
				DEBUG_INFORMATION_FORMAT = "dwarf-with-dsym";
				ENABLE_NS_ASSERTIONS = NO;
				ENABLE_STRICT_OBJC_MSGSEND = YES;
				GCC_C_LANGUAGE_STANDARD = gnu11;
				GCC_NO_COMMON_BLOCKS = YES;
				GCC_WARN_64_TO_32_BIT_CONVERSION = YES;
				GCC_WARN_ABOUT_RETURN_TYPE = YES_ERROR;
				GCC_WARN_UNDECLARED_SELECTOR = YES;
				GCC_WARN_UNINITIALIZED_AUTOS = YES_AGGRESSIVE;
				GCC_WARN_UNUSED_FUNCTION = YES;
				GCC_WARN_UNUSED_VARIABLE = YES;
				IPHONEOS_DEPLOYMENT_TARGET = 13.2;
				MTL_ENABLE_DEBUG_INFO = NO;
				MTL_FAST_MATH = YES;
				SDKROOT = iphoneos;
				SWIFT_COMPILATION_MODE = wholemodule;
				SWIFT_OPTIMIZATION_LEVEL = "-O";
				VALIDATE_PRODUCT = YES;
			};
			name = Release;
		};
		15EED4172573A10A00D36029 /* Debug */ = {
			isa = XCBuildConfiguration;
			buildSettings = {
				ASSETCATALOG_COMPILER_APPICON_NAME = AppIcon;
				CODE_SIGN_STYLE = Automatic;
				INFOPLIST_FILE = CoCoDrink/Info.plist;
				LD_RUNPATH_SEARCH_PATHS = (
					"$(inherited)",
					"@executable_path/Frameworks",
				);
				PRODUCT_BUNDLE_IDENTIFIER = gjun.CoCoDrink;
				PRODUCT_NAME = "$(TARGET_NAME)";
				SWIFT_VERSION = 5.0;
				TARGETED_DEVICE_FAMILY = "1,2";
			};
			name = Debug;
		};
		15EED4182573A10A00D36029 /* Release */ = {
			isa = XCBuildConfiguration;
			buildSettings = {
				ASSETCATALOG_COMPILER_APPICON_NAME = AppIcon;
				CODE_SIGN_STYLE = Automatic;
				INFOPLIST_FILE = CoCoDrink/Info.plist;
				LD_RUNPATH_SEARCH_PATHS = (
					"$(inherited)",
					"@executable_path/Frameworks",
				);
				PRODUCT_BUNDLE_IDENTIFIER = gjun.CoCoDrink;
				PRODUCT_NAME = "$(TARGET_NAME)";
				SWIFT_VERSION = 5.0;
				TARGETED_DEVICE_FAMILY = "1,2";
			};
			name = Release;
		};
/* End XCBuildConfiguration section */

/* Begin XCConfigurationList section */
		15EED3FD2573A10100D36029 /* Build configuration list for PBXProject "CoCoDrink" */ = {
			isa = XCConfigurationList;
			buildConfigurations = (
				15EED4142573A10A00D36029 /* Debug */,
				15EED4152573A10A00D36029 /* Release */,
			);
			defaultConfigurationIsVisible = 0;
			defaultConfigurationName = Release;
		};
		15EED4162573A10A00D36029 /* Build configuration list for PBXNativeTarget "CoCoDrink" */ = {
			isa = XCConfigurationList;
			buildConfigurations = (
				15EED4172573A10A00D36029 /* Debug */,
				15EED4182573A10A00D36029 /* Release */,
			);
			defaultConfigurationIsVisible = 0;
			defaultConfigurationName = Release;
		};
/* End XCConfigurationList section */
	};
	rootObject = 15EED3FA2573A10100D36029 /* Project object */;
}
